// !$*UTF8*$!
{
	archiveVersion = 1;
	classes = {
	};
	objectVersion = 56;
	objects = {

/* Begin PBXBuildFile section */
		04E8D2C62928FF1200938886 /* main.swift in Sources */ = {isa = PBXBuildFile; fileRef = 04E8D2C52928FF1200938886 /* main.swift */; };
		04E8D2CD292903F700938886 /* Human.swift in Sources */ = {isa = PBXBuildFile; fileRef = 04E8D2CC292903F700938886 /* Human.swift */; };
		04E8D2CF2929040700938886 /* Teacher.swift in Sources */ = {isa = PBXBuildFile; fileRef = 04E8D2CE2929040700938886 /* Teacher.swift */; };
		04E8D2D129290BC200938886 /* Property.swift in Sources */ = {isa = PBXBuildFile; fileRef = 04E8D2D029290BC200938886 /* Property.swift */; };
		04E8D2D329290C0A00938886 /* Apartment.swift in Sources */ = {isa = PBXBuildFile; fileRef = 04E8D2D229290C0A00938886 /* Apartment.swift */; };
		04E8D2D529290C3F00938886 /* Storage.swift in Sources */ = {isa = PBXBuildFile; fileRef = 04E8D2D429290C3F00938886 /* Storage.swift */; };
		04E8D2D729290C5F00938886 /* Products.swift in Sources */ = {isa = PBXBuildFile; fileRef = 04E8D2D629290C5F00938886 /* Products.swift */; };
/* End PBXBuildFile section */

/* Begin PBXCopyFilesBuildPhase section */
		04E8D2C02928FF1200938886 /* CopyFiles */ = {
			isa = PBXCopyFilesBuildPhase;
			buildActionMask = 2147483647;
			dstPath = /usr/share/man/man1/;
			dstSubfolderSpec = 0;
			files = (
			);
			runOnlyForDeploymentPostprocessing = 1;
		};
/* End PBXCopyFilesBuildPhase section */

/* Begin PBXFileReference section */
		04E8D2C22928FF1200938886 /* Lesson2_M2 */ = {isa = PBXFileReference; explicitFileType = "compiled.mach-o.executable"; includeInIndex = 0; path = Lesson2_M2; sourceTree = BUILT_PRODUCTS_DIR; };
		04E8D2C52928FF1200938886 /* main.swift */ = {isa = PBXFileReference; explicitFileType = sourcecode.swift; path = main.swift; sourceTree = "<group>"; };
		04E8D2CC292903F700938886 /* Human.swift */ = {isa = PBXFileReference; lastKnownFileType = sourcecode.swift; path = Human.swift; sourceTree = "<group>"; };
		04E8D2CE2929040700938886 /* Teacher.swift */ = {isa = PBXFileReference; lastKnownFileType = sourcecode.swift; path = Teacher.swift; sourceTree = "<group>"; };
		04E8D2D029290BC200938886 /* Property.swift */ = {isa = PBXFileReference; lastKnownFileType = sourcecode.swift; path = Property.swift; sourceTree = "<group>"; };
		04E8D2D229290C0A00938886 /* Apartment.swift */ = {isa = PBXFileReference; lastKnownFileType = sourcecode.swift; path = Apartment.swift; sourceTree = "<group>"; };
		04E8D2D429290C3F00938886 /* Storage.swift */ = {isa = PBXFileReference; lastKnownFileType = sourcecode.swift; path = Storage.swift; sourceTree = "<group>"; };
		04E8D2D629290C5F00938886 /* Products.swift */ = {isa = PBXFileReference; lastKnownFileType = sourcecode.swift; path = Products.swift; sourceTree = "<group>"; };
/* End PBXFileReference section */

/* Begin PBXFrameworksBuildPhase section */
		04E8D2BF2928FF1200938886 /* Frameworks */ = {
			isa = PBXFrameworksBuildPhase;
			buildActionMask = 2147483647;
			files = (
			);
			runOnlyForDeploymentPostprocessing = 0;
		};
/* End PBXFrameworksBuildPhase section */

/* Begin PBXGroup section */
		04E8D2B92928FF1200938886 = {
			isa = PBXGroup;
			children = (
				04E8D2C42928FF1200938886 /* Lesson2_M2 */,
				04E8D2C32928FF1200938886 /* Products */,
			);
			sourceTree = "<group>";
		};
		04E8D2C32928FF1200938886 /* Products */ = {
			isa = PBXGroup;
			children = (
				04E8D2C22928FF1200938886 /* Lesson2_M2 */,
			);
			name = Products;
			sourceTree = "<group>";
		};
		04E8D2C42928FF1200938886 /* Lesson2_M2 */ = {
			isa = PBXGroup;
			children = (
				04E8D2C52928FF1200938886 /* main.swift */,
				04E8D2CC292903F700938886 /* Human.swift */,
				04E8D2CE2929040700938886 /* Teacher.swift */,
				04E8D2D029290BC200938886 /* Property.swift */,
				04E8D2D229290C0A00938886 /* Apartment.swift */,
				04E8D2D429290C3F00938886 /* Storage.swift */,
				04E8D2D629290C5F00938886 /* Products.swift */,
			);
			path = Lesson2_M2;
			sourceTree = "<group>";
		};
/* End PBXGroup section */

/* Begin PBXNativeTarget section */
		04E8D2C12928FF1200938886 /* Lesson2_M2 */ = {
			isa = PBXNativeTarget;
			buildConfigurationList = 04E8D2C92928FF1200938886 /* Build configuration list for PBXNativeTarget "Lesson2_M2" */;
			buildPhases = (
				04E8D2BE2928FF1200938886 /* Sources */,
				04E8D2BF2928FF1200938886 /* Frameworks */,
				04E8D2C02928FF1200938886 /* CopyFiles */,
			);
			buildRules = (
			);
			dependencies = (
			);
			name = Lesson2_M2;
			productName = Lesson2_M2;
			productReference = 04E8D2C22928FF1200938886 /* Lesson2_M2 */;
			productType = "com.apple.product-type.tool";
		};
/* End PBXNativeTarget section */

/* Begin PBXProject section */
		04E8D2BA2928FF1200938886 /* Project object */ = {
			isa = PBXProject;
			attributes = {
				BuildIndependentTargetsInParallel = 1;
				LastSwiftUpdateCheck = 1400;
				LastUpgradeCheck = 1400;
				TargetAttributes = {
					04E8D2C12928FF1200938886 = {
						CreatedOnToolsVersion = 14.0.1;
					};
				};
			};
			buildConfigurationList = 04E8D2BD2928FF1200938886 /* Build configuration list for PBXProject "Lesson2_M2" */;
			compatibilityVersion = "Xcode 14.0";
			developmentRegion = en;
			hasScannedForEncodings = 0;
			knownRegions = (
				en,
				Base,
			);
			mainGroup = 04E8D2B92928FF1200938886;
			productRefGroup = 04E8D2C32928FF1200938886 /* Products */;
			projectDirPath = "";
			projectRoot = "";
			targets = (
				04E8D2C12928FF1200938886 /* Lesson2_M2 */,
			);
		};
/* End PBXProject section */

/* Begin PBXSourcesBuildPhase section */
		04E8D2BE2928FF1200938886 /* Sources */ = {
			isa = PBXSourcesBuildPhase;
			buildActionMask = 2147483647;
			files = (
				04E8D2CF2929040700938886 /* Teacher.swift in Sources */,
				04E8D2C62928FF1200938886 /* main.swift in Sources */,
				04E8D2D329290C0A00938886 /* Apartment.swift in Sources */,
				04E8D2D729290C5F00938886 /* Products.swift in Sources */,
				04E8D2D129290BC200938886 /* Property.swift in Sources */,
				04E8D2CD292903F700938886 /* Human.swift in Sources */,
				04E8D2D529290C3F00938886 /* Storage.swift in Sources */,
			);
			runOnlyForDeploymentPostprocessing = 0;
		};
/* End PBXSourcesBuildPhase section */

/* Begin XCBuildConfiguration section */
		04E8D2C72928FF1200938886 /* Debug */ = {
			isa = XCBuildConfiguration;
			buildSettings = {
				ALWAYS_SEARCH_USER_PATHS = NO;
				CLANG_ANALYZER_NONNULL = YES;
				CLANG_ANALYZER_NUMBER_OBJECT_CONVERSION = YES_AGGRESSIVE;
				CLANG_CXX_LANGUAGE_STANDARD = "gnu++20";
				CLANG_ENABLE_MODULES = YES;
				CLANG_ENABLE_OBJC_ARC = YES;
				CLANG_ENABLE_OBJC_WEAK = YES;
				CLANG_WARN_BLOCK_CAPTURE_AUTORELEASING = YES;
				CLANG_WARN_BOOL_CONVERSION = YES;
				CLANG_WARN_COMMA = YES;
				CLANG_WARN_CONSTANT_CONVERSION = YES;
				CLANG_WARN_DEPRECATED_OBJC_IMPLEMENTATIONS = YES;
				CLANG_WARN_DIRECT_OBJC_ISA_USAGE = YES_ERROR;
				CLANG_WARN_DOCUMENTATION_COMMENTS = YES;
				CLANG_WARN_EMPTY_BODY = YES;
				CLANG_WARN_ENUM_CONVERSION = YES;
				CLANG_WARN_INFINITE_RECURSION = YES;
				CLANG_WARN_INT_CONVERSION = YES;
				CLANG_WARN_NON_LITERAL_NULL_CONVERSION = YES;
				CLANG_WARN_OBJC_IMPLICIT_RETAIN_SELF = YES;
				CLANG_WARN_OBJC_LITERAL_CONVERSION = YES;
				CLANG_WARN_OBJC_ROOT_CLASS = YES_ERROR;
				CLANG_WARN_QUOTED_INCLUDE_IN_FRAMEWORK_HEADER = YES;
				CLANG_WARN_RANGE_LOOP_ANALYSIS = YES;
				CLANG_WARN_STRICT_PROTOTYPES = YES;
				CLANG_WARN_SUSPICIOUS_MOVE = YES;
				CLANG_WARN_UNGUARDED_AVAILABILITY = YES_AGGRESSIVE;
				CLANG_WARN_UNREACHABLE_CODE = YES;
				CLANG_WARN__DUPLICATE_METHOD_MATCH = YES;
				COPY_PHASE_STRIP = NO;
				DEBUG_INFORMATION_FORMAT = dwarf;
				ENABLE_STRICT_OBJC_MSGSEND = YES;
				ENABLE_TESTABILITY = YES;
				GCC_C_LANGUAGE_STANDARD = gnu11;
				GCC_DYNAMIC_NO_PIC = NO;
				GCC_NO_COMMON_BLOCKS = YES;
				GCC_OPTIMIZATION_LEVEL = 0;
				GCC_PREPROCESSOR_DEFINITIONS = (
					"DEBUG=1",
					"$(inherited)",
				);
				GCC_WARN_64_TO_32_BIT_CONVERSION = YES;
				GCC_WARN_ABOUT_RETURN_TYPE = YES_ERROR;
				GCC_WARN_UNDECLARED_SELECTOR = YES;
				GCC_WARN_UNINITIALIZED_AUTOS = YES_AGGRESSIVE;
				GCC_WARN_UNUSED_FUNCTION = YES;
				GCC_WARN_UNUSED_VARIABLE = YES;
				MACOSX_DEPLOYMENT_TARGET = 12.3;
				MTL_ENABLE_DEBUG_INFO = INCLUDE_SOURCE;
				MTL_FAST_MATH = YES;
				ONLY_ACTIVE_ARCH = YES;
				SDKROOT = macosx;
				SWIFT_ACTIVE_COMPILATION_CONDITIONS = DEBUG;
				SWIFT_OPTIMIZATION_LEVEL = "-Onone";
			};
			name = Debug;
		};
		04E8D2C82928FF1200938886 /* Release */ = {
			isa = XCBuildConfiguration;
			buildSettings = {
				ALWAYS_SEARCH_USER_PATHS = NO;
				CLANG_ANALYZER_NONNULL = YES;
				CLANG_ANALYZER_NUMBER_OBJECT_CONVERSION = YES_AGGRESSIVE;
				CLANG_CXX_LANGUAGE_STANDARD = "gnu++20";
				CLANG_ENABLE_MODULES = YES;
				CLANG_ENABLE_OBJC_ARC = YES;
				CLANG_ENABLE_OBJC_WEAK = YES;
				CLANG_WARN_BLOCK_CAPTURE_AUTORELEASING = YES;
				CLANG_WARN_BOOL_CONVERSION = YES;
				CLANG_WARN_COMMA = YES;
				CLANG_WARN_CONSTANT_CONVERSION = YES;
				CLANG_WARN_DEPRECATED_OBJC_IMPLEMENTATIONS = YES;
				CLANG_WARN_DIRECT_OBJC_ISA_USAGE = YES_ERROR;
				CLANG_WARN_DOCUMENTATION_COMMENTS = YES;
				CLANG_WARN_EMPTY_BODY = YES;
				CLANG_WARN_ENUM_CONVERSION = YES;
				CLANG_WARN_INFINITE_RECURSION = YES;
				CLANG_WARN_INT_CONVERSION = YES;
				CLANG_WARN_NON_LITERAL_NULL_CONVERSION = YES;
				CLANG_WARN_OBJC_IMPLICIT_RETAIN_SELF = YES;
				CLANG_WARN_OBJC_LITERAL_CONVERSION = YES;
				CLANG_WARN_OBJC_ROOT_CLASS = YES_ERROR;
				CLANG_WARN_QUOTED_INCLUDE_IN_FRAMEWORK_HEADER = YES;
				CLANG_WARN_RANGE_LOOP_ANALYSIS = YES;
				CLANG_WARN_STRICT_PROTOTYPES = YES;
				CLANG_WARN_SUSPICIOUS_MOVE = YES;
				CLANG_WARN_UNGUARDED_AVAILABILITY = YES_AGGRESSIVE;
				CLANG_WARN_UNREACHABLE_CODE = YES;
				CLANG_WARN__DUPLICATE_METHOD_MATCH = YES;
				COPY_PHASE_STRIP = NO;
				DEBUG_INFORMATION_FORMAT = "dwarf-with-dsym";
				ENABLE_NS_ASSERTIONS = NO;
				ENABLE_STRICT_OBJC_MSGSEND = YES;
				GCC_C_LANGUAGE_STANDARD = gnu11;
				GCC_NO_COMMON_BLOCKS = YES;
				GCC_WARN_64_TO_32_BIT_CONVERSION = YES;
				GCC_WARN_ABOUT_RETURN_TYPE = YES_ERROR;
				GCC_WARN_UNDECLARED_SELECTOR = YES;
				GCC_WARN_UNINITIALIZED_AUTOS = YES_AGGRESSIVE;
				GCC_WARN_UNUSED_FUNCTION = YES;
				GCC_WARN_UNUSED_VARIABLE = YES;
				MACOSX_DEPLOYMENT_TARGET = 12.3;
				MTL_ENABLE_DEBUG_INFO = NO;
				MTL_FAST_MATH = YES;
				SDKROOT = macosx;
				SWIFT_COMPILATION_MODE = wholemodule;
				SWIFT_OPTIMIZATION_LEVEL = "-O";
			};
			name = Release;
		};
		04E8D2CA2928FF1200938886 /* Debug */ = {
			isa = XCBuildConfiguration;
			buildSettings = {
				CODE_SIGN_STYLE = Automatic;
				PRODUCT_NAME = "$(TARGET_NAME)";
				SWIFT_VERSION = 5.0;
			};
			name = Debug;
		};
		04E8D2CB2928FF1200938886 /* Release */ = {
			isa = XCBuildConfiguration;
			buildSettings = {
				CODE_SIGN_STYLE = Automatic;
				PRODUCT_NAME = "$(TARGET_NAME)";
				SWIFT_VERSION = 5.0;
			};
			name = Release;
		};
/* End XCBuildConfiguration section */

/* Begin XCConfigurationList section */
		04E8D2BD2928FF1200938886 /* Build configuration list for PBXProject "Lesson2_M2" */ = {
			isa = XCConfigurationList;
			buildConfigurations = (
				04E8D2C72928FF1200938886 /* Debug */,
				04E8D2C82928FF1200938886 /* Release */,
			);
			defaultConfigurationIsVisible = 0;
			defaultConfigurationName = Release;
		};
		04E8D2C92928FF1200938886 /* Build configuration list for PBXNativeTarget "Lesson2_M2" */ = {
			isa = XCConfigurationList;
			buildConfigurations = (
				04E8D2CA2928FF1200938886 /* Debug */,
				04E8D2CB2928FF1200938886 /* Release */,
			);
			defaultConfigurationIsVisible = 0;
			defaultConfigurationName = Release;
		};
/* End XCConfigurationList section */
	};
	rootObject = 04E8D2BA2928FF1200938886 /* Project object */;
}
